
Microsoft Visual Studio Solution File, Format Version 12.00
# Visual Studio Version 16
VisualStudioVersion = 16.0.31424.327
MinimumVisualStudioVersion = 10.0.40219.1
Project("{FAE04EC0-301F-11D3-BF4B-00C04F79EFBC}") = "ShellShockDrawer", "ShellShockProjectileMotion\ShellShockDrawer.csproj", "{EB9DD75D-0A1A-4E90-9803-4803AE6E968E}"
EndProject
Global
	GlobalSection(SolutionConfigurationPlatforms) = preSolution
		Debug|Any CPU = Debug|Any CPU
		Release|Any CPU = Release|Any CPU
	EndGlobalSection
	GlobalSection(ProjectConfigurationPlatforms) = postSolution
		{EB9DD75D-0A1A-4E90-9803-4803AE6E968E}.Debug|Any CPU.ActiveCfg = Debug|Any CPU
		{EB9DD75D-0A1A-4E90-9803-4803AE6E968E}.Debug|Any CPU.Build.0 = Debug|Any CPU
		{EB9DD75D-0A1A-4E90-9803-4803AE6E968E}.Release|Any CPU.ActiveCfg = Release|Any CPU
		{EB9DD75D-0A1A-4E90-9803-4803AE6E968E}.Release|Any CPU.Build.0 = Release|Any CPU
	EndGlobalSection
	GlobalSection(SolutionProperties) = preSolution
		HideSolutionNode = FALSE
	EndGlobalSection
	GlobalSection(ExtensibilityGlobals) = postSolution
		SolutionGuid = {DAEB75B9-4611-4A6C-B255-309A9C6BB902}
	EndGlobalSection
EndGlobal
